// !$*UTF8*$!
{
	archiveVersion = 1;
	classes = {
	};
	objectVersion = 45;
	objects = {

/* Begin PBXBuildFile section */
		775BDEF1067A8BF0009058FE /* MyDocument.xcdatamodel in Sources */ = {isa = PBXBuildFile; fileRef = 775BDEF0067A8BF0009058FE /* MyDocument.xcdatamodel */; };
		775DFF38067A968500C5B868 /* Cocoa.framework in Frameworks */ = {isa = PBXBuildFile; fileRef = 1058C7A7FEA54F5311CA2CBB /* Cocoa.framework */; };
		8C2A17A7100B29D10060D931 /* OperatingSystem.m in Sources */ = {isa = PBXBuildFile; fileRef = 8C2A17A6100B29D10060D931 /* OperatingSystem.m */; };
		8C2A17B5100B2A6E0060D931 /* Host.m in Sources */ = {isa = PBXBuildFile; fileRef = 8C2A17B4100B2A6E0060D931 /* Host.m */; };
		8C4163861010D6310066A4F8 /* BWToolkitFramework.framework in Frameworks */ = {isa = PBXBuildFile; fileRef = 8C4163851010D6310066A4F8 /* BWToolkitFramework.framework */; };
		8C4163891010D6340066A4F8 /* BWToolkitFramework.framework in CopyFiles */ = {isa = PBXBuildFile; fileRef = 8C4163851010D6310066A4F8 /* BWToolkitFramework.framework */; };
		8C55E41F100524A5002F5013 /* NSTask+OneLineTasksWithOutput.m in Sources */ = {isa = PBXBuildFile; fileRef = 8C55E41E100524A5002F5013 /* NSTask+OneLineTasksWithOutput.m */; };
		8C55E43810052E72002F5013 /* SessionManager.m in Sources */ = {isa = PBXBuildFile; fileRef = 8C55E43710052E72002F5013 /* SessionManager.m */; };
		8C79E1960FFBC09600A4648B /* XMLController.m in Sources */ = {isa = PBXBuildFile; fileRef = 8C79E1920FFBC09600A4648B /* XMLController.m */; };
		8C79E1970FFBC09600A4648B /* ArgumentListGenerator.m in Sources */ = {isa = PBXBuildFile; fileRef = 8C79E1950FFBC09600A4648B /* ArgumentListGenerator.m */; };
		8C79E2300FFC23D800A4648B /* SessionController.m in Sources */ = {isa = PBXBuildFile; fileRef = 8C79E22F0FFC23D800A4648B /* SessionController.m */; };
		8C79E2330FFC23E000A4648B /* NmapController.m in Sources */ = {isa = PBXBuildFile; fileRef = 8C79E2320FFC23E000A4648B /* NmapController.m */; };
		8C79E2B40FFCF0FF00A4648B /* PrefsController.m in Sources */ = {isa = PBXBuildFile; fileRef = 8C79E2B30FFCF0FF00A4648B /* PrefsController.m */; };
		8C79E889100117BF00A4648B /* Port.m in Sources */ = {isa = PBXBuildFile; fileRef = 8C79E884100117BF00A4648B /* Port.m */; };
		8C79E88A100117BF00A4648B /* Session.m in Sources */ = {isa = PBXBuildFile; fileRef = 8C79E886100117BF00A4648B /* Session.m */; };
		8C79F2EE10033DF200A4648B /* Growl.framework in Frameworks */ = {isa = PBXBuildFile; fileRef = 8C79F2ED10033DF200A4648B /* Growl.framework */; };
		8C79F2F810033E3C00A4648B /* Growl.framework in CopyFiles */ = {isa = PBXBuildFile; fileRef = 8C79F2ED10033DF200A4648B /* Growl.framework */; };
		8C79F30B10033EF200A4648B /* SPGrowlController.m in Sources */ = {isa = PBXBuildFile; fileRef = 8C79F30A10033EF200A4648B /* SPGrowlController.m */; };
		8C79F4C81003E3BA00A4648B /* MainMenu.xib in Resources */ = {isa = PBXBuildFile; fileRef = 8C79F4C41003E3BA00A4648B /* MainMenu.xib */; };
		8C79F4C91003E3BA00A4648B /* Growl Registration Ticket.growlRegDict in Resources */ = {isa = PBXBuildFile; fileRef = 8C79F4C51003E3BA00A4648B /* Growl Registration Ticket.growlRegDict */; };
		8C79F6801004235900A4648B /* button_pane_show_icon.tif in Resources */ = {isa = PBXBuildFile; fileRef = 8C79F67E1004235900A4648B /* button_pane_show_icon.tif */; };
		8C79F6811004235900A4648B /* button_pane_hide_icon.tif in Resources */ = {isa = PBXBuildFile; fileRef = 8C79F67F1004235900A4648B /* button_pane_hide_icon.tif */; };
		8C79F78A1004908600A4648B /* MyDocument.xib in Resources */ = {isa = PBXBuildFile; fileRef = 8C79F7891004908600A4648B /* MyDocument.xib */; };
		8CAA1231100A078B0084C6D5 /* Profile.m in Sources */ = {isa = PBXBuildFile; fileRef = 8CAA1230100A078B0084C6D5 /* Profile.m */; };
		8CC32789100CDCA700483939 /* Security.framework in Frameworks */ = {isa = PBXBuildFile; fileRef = 8CC32788100CDCA700483939 /* Security.framework */; };
		8CC3278F100CDCF000483939 /* NetstatController.m in Sources */ = {isa = PBXBuildFile; fileRef = 8CC3278E100CDCF000483939 /* NetstatController.m */; };
		8CC32794100CDFE400483939 /* Connection.m in Sources */ = {isa = PBXBuildFile; fileRef = 8CC32793100CDFE400483939 /* Connection.m */; };
		8CC329D1100DF9D700483939 /* ClientController.m in Sources */ = {isa = PBXBuildFile; fileRef = 8CC329D0100DF9D700483939 /* ClientController.m */; };
		8CC32EAE100FBBA600483939 /* nmap-icon-button.png in Resources */ = {isa = PBXBuildFile; fileRef = 8CC32EAD100FBBA600483939 /* nmap-icon-button.png */; };
		8CC32EC7100FC57700483939 /* nmap-icon.icns in Resources */ = {isa = PBXBuildFile; fileRef = 8CC32EC6100FC57700483939 /* nmap-icon.icns */; };
		8D15AC2C0486D014006FF6A4 /* Credits.rtf in Resources */ = {isa = PBXBuildFile; fileRef = 2A37F4B9FDCFA73011CA2CEA /* Credits.rtf */; };
		8D15AC2F0486D014006FF6A4 /* InfoPlist.strings in Resources */ = {isa = PBXBuildFile; fileRef = 089C165FFE840EACC02AAC07 /* InfoPlist.strings */; };
		8D15AC310486D014006FF6A4 /* MyDocument.m in Sources */ = {isa = PBXBuildFile; fileRef = 2A37F4ACFDCFA73011CA2CEA /* MyDocument.m */; settings = {ATTRIBUTES = (); }; };
		8D15AC320486D014006FF6A4 /* main.m in Sources */ = {isa = PBXBuildFile; fileRef = 2A37F4B0FDCFA73011CA2CEA /* main.m */; settings = {ATTRIBUTES = (); }; };
/* End PBXBuildFile section */

/* Begin PBXCopyFilesBuildPhase section */
		8C4163841010D5E00066A4F8 /* CopyFiles */ = {
			isa = PBXCopyFilesBuildPhase;
			buildActionMask = 2147483647;
			dstPath = "";
			dstSubfolderSpec = 10;
			files = (
				8C4163891010D6340066A4F8 /* BWToolkitFramework.framework in CopyFiles */,
			);
			runOnlyForDeploymentPostprocessing = 0;
		};
		8C79F2F510033E1B00A4648B /* CopyFiles */ = {
			isa = PBXCopyFilesBuildPhase;
			buildActionMask = 2147483647;
			dstPath = "";
			dstSubfolderSpec = 10;
			files = (
				8C79F2F810033E3C00A4648B /* Growl.framework in CopyFiles */,
			);
			runOnlyForDeploymentPostprocessing = 0;
		};
/* End PBXCopyFilesBuildPhase section */

/* Begin PBXFileReference section */
		089C1660FE840EACC02AAC07 /* English */ = {isa = PBXFileReference; fileEncoding = 10; lastKnownFileType = text.plist.strings; name = English; path = English.lproj/InfoPlist.strings; sourceTree = "<group>"; };
		1058C7A7FEA54F5311CA2CBB /* Cocoa.framework */ = {isa = PBXFileReference; lastKnownFileType = wrapper.framework; name = Cocoa.framework; path = /System/Library/Frameworks/Cocoa.framework; sourceTree = "<absolute>"; };
		2A37F4ACFDCFA73011CA2CEA /* MyDocument.m */ = {isa = PBXFileReference; fileEncoding = 4; lastKnownFileType = sourcecode.c.objc; name = MyDocument.m; path = Source/MyDocument.m; sourceTree = "<group>"; };
		2A37F4AEFDCFA73011CA2CEA /* MyDocument.h */ = {isa = PBXFileReference; fileEncoding = 4; lastKnownFileType = sourcecode.c.h; name = MyDocument.h; path = Source/MyDocument.h; sourceTree = "<group>"; };
		2A37F4B0FDCFA73011CA2CEA /* main.m */ = {isa = PBXFileReference; fileEncoding = 4; lastKnownFileType = sourcecode.c.objc; name = main.m; path = Source/main.m; sourceTree = "<group>"; };
		2A37F4BAFDCFA73011CA2CEA /* English */ = {isa = PBXFileReference; lastKnownFileType = text.rtf; name = English; path = English.lproj/Credits.rtf; sourceTree = "<group>"; };
		2A37F4C4FDCFA73011CA2CEA /* AppKit.framework */ = {isa = PBXFileReference; lastKnownFileType = wrapper.framework; name = AppKit.framework; path = /System/Library/Frameworks/AppKit.framework; sourceTree = "<absolute>"; };
		2A37F4C5FDCFA73011CA2CEA /* Foundation.framework */ = {isa = PBXFileReference; lastKnownFileType = wrapper.framework; name = Foundation.framework; path = /System/Library/Frameworks/Foundation.framework; sourceTree = "<absolute>"; };
		32DBCF750370BD2300C91783 /* recon_Prefix.pch */ = {isa = PBXFileReference; fileEncoding = 4; lastKnownFileType = sourcecode.c.h; name = recon_Prefix.pch; path = Source/recon_Prefix.pch; sourceTree = "<group>"; };
		775BDEF0067A8BF0009058FE /* MyDocument.xcdatamodel */ = {isa = PBXFileReference; fileEncoding = 4; lastKnownFileType = wrapper.xcdatamodel; name = MyDocument.xcdatamodel; path = Models/MyDocument.xcdatamodel; sourceTree = "<group>"; };
		7788DA0506752A1600599AAD /* CoreData.framework */ = {isa = PBXFileReference; lastKnownFileType = wrapper.framework; name = CoreData.framework; path = /System/Library/Frameworks/CoreData.framework; sourceTree = "<absolute>"; };
		8C2A17A5100B29D10060D931 /* OperatingSystem.h */ = {isa = PBXFileReference; fileEncoding = 4; lastKnownFileType = sourcecode.c.h; name = OperatingSystem.h; path = "Source/Managed Objects/OperatingSystem.h"; sourceTree = "<group>"; };
		8C2A17A6100B29D10060D931 /* OperatingSystem.m */ = {isa = PBXFileReference; fileEncoding = 4; lastKnownFileType = sourcecode.c.objc; name = OperatingSystem.m; path = "Source/Managed Objects/OperatingSystem.m"; sourceTree = "<group>"; };
		8C2A17B3100B2A6E0060D931 /* Host.h */ = {isa = PBXFileReference; fileEncoding = 4; lastKnownFileType = sourcecode.c.h; name = Host.h; path = "Source/Managed Objects/Host.h"; sourceTree = "<group>"; };
		8C2A17B4100B2A6E0060D931 /* Host.m */ = {isa = PBXFileReference; fileEncoding = 4; lastKnownFileType = sourcecode.c.objc; name = Host.m; path = "Source/Managed Objects/Host.m"; sourceTree = "<group>"; };
		8C4163851010D6310066A4F8 /* BWToolkitFramework.framework */ = {isa = PBXFileReference; lastKnownFileType = wrapper.framework; name = BWToolkitFramework.framework; path = ../../../Library/Frameworks/BWToolkitFramework.framework; sourceTree = SOURCE_ROOT; };
		8C55E41E100524A5002F5013 /* NSTask+OneLineTasksWithOutput.m */ = {isa = PBXFileReference; fileEncoding = 4; lastKnownFileType = sourcecode.c.objc; name = "NSTask+OneLineTasksWithOutput.m"; path = "Source/NSTask+OneLineTasksWithOutput.m"; sourceTree = "<group>"; };
		8C55E43610052E72002F5013 /* SessionManager.h */ = {isa = PBXFileReference; fileEncoding = 4; lastKnownFileType = sourcecode.c.h; name = SessionManager.h; path = Source/SessionManager.h; sourceTree = "<group>"; };
		8C55E43710052E72002F5013 /* SessionManager.m */ = {isa = PBXFileReference; fileEncoding = 4; lastKnownFileType = sourcecode.c.objc; name = SessionManager.m; path = Source/SessionManager.m; sourceTree = "<group>"; };
		8C79E1920FFBC09600A4648B /* XMLController.m */ = {isa = PBXFileReference; fileEncoding = 4; lastKnownFileType = sourcecode.c.objc; name = XMLController.m; path = Source/XMLController.m; sourceTree = "<group>"; };
		8C79E1930FFBC09600A4648B /* XMLController.h */ = {isa = PBXFileReference; fileEncoding = 4; lastKnownFileType = sourcecode.c.h; name = XMLController.h; path = Source/XMLController.h; sourceTree = "<group>"; };
		8C79E1940FFBC09600A4648B /* ArgumentListGenerator.h */ = {isa = PBXFileReference; fileEncoding = 4; lastKnownFileType = sourcecode.c.h; name = ArgumentListGenerator.h; path = Source/ArgumentListGenerator.h; sourceTree = "<group>"; };
		8C79E1950FFBC09600A4648B /* ArgumentListGenerator.m */ = {isa = PBXFileReference; fileEncoding = 4; lastKnownFileType = sourcecode.c.objc; name = ArgumentListGenerator.m; path = Source/ArgumentListGenerator.m; sourceTree = "<group>"; };
		8C79E22E0FFC23D800A4648B /* SessionController.h */ = {isa = PBXFileReference; fileEncoding = 4; lastKnownFileType = sourcecode.c.h; name = SessionController.h; path = Source/SessionController.h; sourceTree = "<group>"; };
		8C79E22F0FFC23D800A4648B /* SessionController.m */ = {isa = PBXFileReference; fileEncoding = 4; lastKnownFileType = sourcecode.c.objc; name = SessionController.m; path = Source/SessionController.m; sourceTree = "<group>"; };
		8C79E2310FFC23E000A4648B /* NmapController.h */ = {isa = PBXFileReference; fileEncoding = 4; lastKnownFileType = sourcecode.c.h; name = NmapController.h; path = Source/NmapController.h; sourceTree = "<group>"; };
		8C79E2320FFC23E000A4648B /* NmapController.m */ = {isa = PBXFileReference; fileEncoding = 4; lastKnownFileType = sourcecode.c.objc; name = NmapController.m; path = Source/NmapController.m; sourceTree = "<group>"; };
		8C79E2B20FFCF0FF00A4648B /* PrefsController.h */ = {isa = PBXFileReference; fileEncoding = 4; lastKnownFileType = sourcecode.c.h; name = PrefsController.h; path = Source/PrefsController.h; sourceTree = "<group>"; };
		8C79E2B30FFCF0FF00A4648B /* PrefsController.m */ = {isa = PBXFileReference; fileEncoding = 4; lastKnownFileType = sourcecode.c.objc; name = PrefsController.m; path = Source/PrefsController.m; sourceTree = "<group>"; };
		8C79E883100117BF00A4648B /* Port.h */ = {isa = PBXFileReference; fileEncoding = 4; lastKnownFileType = sourcecode.c.h; name = Port.h; path = "Source/Managed Objects/Port.h"; sourceTree = "<group>"; };
		8C79E884100117BF00A4648B /* Port.m */ = {isa = PBXFileReference; fileEncoding = 4; lastKnownFileType = sourcecode.c.objc; name = Port.m; path = "Source/Managed Objects/Port.m"; sourceTree = "<group>"; };
		8C79E885100117BF00A4648B /* Session.h */ = {isa = PBXFileReference; fileEncoding = 4; lastKnownFileType = sourcecode.c.h; name = Session.h; path = "Source/Managed Objects/Session.h"; sourceTree = "<group>"; };
		8C79E886100117BF00A4648B /* Session.m */ = {isa = PBXFileReference; fileEncoding = 4; lastKnownFileType = sourcecode.c.objc; name = Session.m; path = "Source/Managed Objects/Session.m"; sourceTree = "<group>"; };
		8C79F2ED10033DF200A4648B /* Growl.framework */ = {isa = PBXFileReference; lastKnownFileType = wrapper.framework; name = Growl.framework; path = Frameworks/Growl.framework; sourceTree = "<group>"; };
		8C79F30910033EF200A4648B /* SPGrowlController.h */ = {isa = PBXFileReference; fileEncoding = 4; lastKnownFileType = sourcecode.c.h; name = SPGrowlController.h; path = Source/SPGrowlController.h; sourceTree = "<group>"; };
		8C79F30A10033EF200A4648B /* SPGrowlController.m */ = {isa = PBXFileReference; fileEncoding = 4; lastKnownFileType = sourcecode.c.objc; name = SPGrowlController.m; path = Source/SPGrowlController.m; sourceTree = "<group>"; };
		8C79F4C31003E3BA00A4648B /* Info.plist */ = {isa = PBXFileReference; fileEncoding = 4; lastKnownFileType = text.plist.xml; name = Info.plist; path = Resources/Info.plist; sourceTree = "<group>"; };
		8C79F4C41003E3BA00A4648B /* MainMenu.xib */ = {isa = PBXFileReference; lastKnownFileType = file.xib; name = MainMenu.xib; path = Resources/MainMenu.xib; sourceTree = "<group>"; };
		8C79F4C51003E3BA00A4648B /* Growl Registration Ticket.growlRegDict */ = {isa = PBXFileReference; fileEncoding = 4; lastKnownFileType = text.xml; name = "Growl Registration Ticket.growlRegDict"; path = "Resources/Growl Registration Ticket.growlRegDict"; sourceTree = "<group>"; };
		8C79F52E1003ED7E00A4648B /* Resources */ = {isa = PBXFileReference; includeInIndex = 1; lastKnownFileType = folder; path = Resources; sourceTree = "<group>"; };
		8C79F67E1004235900A4648B /* button_pane_show_icon.tif */ = {isa = PBXFileReference; lastKnownFileType = image.tiff; name = button_pane_show_icon.tif; path = Resources/button_pane_show_icon.tif; sourceTree = "<group>"; };
		8C79F67F1004235900A4648B /* button_pane_hide_icon.tif */ = {isa = PBXFileReference; lastKnownFileType = image.tiff; name = button_pane_hide_icon.tif; path = Resources/button_pane_hide_icon.tif; sourceTree = "<group>"; };
		8C79F7891004908600A4648B /* MyDocument.xib */ = {isa = PBXFileReference; lastKnownFileType = file.xib; name = MyDocument.xib; path = Resources/MyDocument.xib; sourceTree = "<group>"; };
		8CAA122F100A078B0084C6D5 /* Profile.h */ = {isa = PBXFileReference; fileEncoding = 4; lastKnownFileType = sourcecode.c.h; name = Profile.h; path = "Source/Managed Objects/Profile.h"; sourceTree = "<group>"; };
		8CAA1230100A078B0084C6D5 /* Profile.m */ = {isa = PBXFileReference; fileEncoding = 4; lastKnownFileType = sourcecode.c.objc; name = Profile.m; path = "Source/Managed Objects/Profile.m"; sourceTree = "<group>"; };
		8CC32788100CDCA700483939 /* Security.framework */ = {isa = PBXFileReference; lastKnownFileType = wrapper.framework; name = Security.framework; path = /System/Library/Frameworks/Security.framework; sourceTree = "<absolute>"; };
		8CC3278D100CDCF000483939 /* NetstatController.h */ = {isa = PBXFileReference; fileEncoding = 4; lastKnownFileType = sourcecode.c.h; name = NetstatController.h; path = Source/NetstatController.h; sourceTree = "<group>"; };
		8CC3278E100CDCF000483939 /* NetstatController.m */ = {isa = PBXFileReference; fileEncoding = 4; lastKnownFileType = sourcecode.c.objc; name = NetstatController.m; path = Source/NetstatController.m; sourceTree = "<group>"; };
		8CC32792100CDFE400483939 /* Connection.h */ = {isa = PBXFileReference; fileEncoding = 4; lastKnownFileType = sourcecode.c.h; name = Connection.h; path = Source/Connection.h; sourceTree = "<group>"; };
		8CC32793100CDFE400483939 /* Connection.m */ = {isa = PBXFileReference; fileEncoding = 4; lastKnownFileType = sourcecode.c.objc; name = Connection.m; path = Source/Connection.m; sourceTree = "<group>"; };
		8CC329CF100DF9D700483939 /* ClientController.h */ = {isa = PBXFileReference; fileEncoding = 4; lastKnownFileType = sourcecode.c.h; name = ClientController.h; path = Source/ClientController.h; sourceTree = "<group>"; };
		8CC329D0100DF9D700483939 /* ClientController.m */ = {isa = PBXFileReference; fileEncoding = 4; lastKnownFileType = sourcecode.c.objc; name = ClientController.m; path = Source/ClientController.m; sourceTree = "<group>"; };
		8CC32EAD100FBBA600483939 /* nmap-icon-button.png */ = {isa = PBXFileReference; lastKnownFileType = image.png; name = "nmap-icon-button.png"; path = "Resources/nmap-icon-button.png"; sourceTree = "<group>"; };
		8CC32EC6100FC57700483939 /* nmap-icon.icns */ = {isa = PBXFileReference; lastKnownFileType = image.icns; name = "nmap-icon.icns"; path = "Resources/nmap-icon.icns"; sourceTree = "<group>"; };
		8D15AC370486D014006FF6A4 /* Recon.app */ = {isa = PBXFileReference; explicitFileType = wrapper.application; includeInIndex = 0; path = Recon.app; sourceTree = BUILT_PRODUCTS_DIR; };
/* End PBXFileReference section */

/* Begin PBXFrameworksBuildPhase section */
		8D15AC330486D014006FF6A4 /* Frameworks */ = {
			isa = PBXFrameworksBuildPhase;
			buildActionMask = 2147483647;
			files = (
				775DFF38067A968500C5B868 /* Cocoa.framework in Frameworks */,
				8C79F2EE10033DF200A4648B /* Growl.framework in Frameworks */,
				8CC32789100CDCA700483939 /* Security.framework in Frameworks */,
				8C4163861010D6310066A4F8 /* BWToolkitFramework.framework in Frameworks */,
			);
			runOnlyForDeploymentPostprocessing = 0;
		};
/* End PBXFrameworksBuildPhase section */

/* Begin PBXGroup section */
		1058C7A6FEA54F5311CA2CBB /* Linked Frameworks */ = {
			isa = PBXGroup;
			children = (
				8C4163851010D6310066A4F8 /* BWToolkitFramework.framework */,
				8CC32788100CDCA700483939 /* Security.framework */,
				8C79F2ED10033DF200A4648B /* Growl.framework */,
				1058C7A7FEA54F5311CA2CBB /* Cocoa.framework */,
			);
			name = "Linked Frameworks";
			sourceTree = "<group>";
		};
		1058C7A8FEA54F5311CA2CBB /* Other Frameworks */ = {
			isa = PBXGroup;
			children = (
				2A37F4C5FDCFA73011CA2CEA /* Foundation.framework */,
				7788DA0506752A1600599AAD /* CoreData.framework */,
				2A37F4C4FDCFA73011CA2CEA /* AppKit.framework */,
			);
			name = "Other Frameworks";
			sourceTree = "<group>";
		};
		19C28FB0FE9D524F11CA2CBB /* Products */ = {
			isa = PBXGroup;
			children = (
				8D15AC370486D014006FF6A4 /* Recon.app */,
			);
			name = Products;
			sourceTree = "<group>";
		};
		2A37F4AAFDCFA73011CA2CEA /* nmapX-coredata */ = {
			isa = PBXGroup;
			children = (
				2A37F4ABFDCFA73011CA2CEA /* Classes */,
				E1B74B1A0667B4A90069E3BA /* Models */,
				2A37F4AFFDCFA73011CA2CEA /* Other Sources */,
				2A37F4B8FDCFA73011CA2CEA /* Resources */,
				2A37F4C3FDCFA73011CA2CEA /* Frameworks */,
				19C28FB0FE9D524F11CA2CBB /* Products */,
				8C79F52E1003ED7E00A4648B /* Resources */,
			);
			name = "nmapX-coredata";
			sourceTree = "<group>";
		};
		2A37F4ABFDCFA73011CA2CEA /* Classes */ = {
			isa = PBXGroup;
			children = (
				8C55E41E100524A5002F5013 /* NSTask+OneLineTasksWithOutput.m */,
				8C79E4D50FFE9FA500A4648B /* Managed Objects */,
				2A37F4AEFDCFA73011CA2CEA /* MyDocument.h */,
				2A37F4ACFDCFA73011CA2CEA /* MyDocument.m */,
				8C55E43610052E72002F5013 /* SessionManager.h */,
				8C55E43710052E72002F5013 /* SessionManager.m */,
				8C79E22E0FFC23D800A4648B /* SessionController.h */,
				8C79E22F0FFC23D800A4648B /* SessionController.m */,
				8C79E1940FFBC09600A4648B /* ArgumentListGenerator.h */,
				8C79E1950FFBC09600A4648B /* ArgumentListGenerator.m */,
				8C79E2310FFC23E000A4648B /* NmapController.h */,
				8C79E2320FFC23E000A4648B /* NmapController.m */,
				8C79E1930FFBC09600A4648B /* XMLController.h */,
				8C79E1920FFBC09600A4648B /* XMLController.m */,
				8C79E2B20FFCF0FF00A4648B /* PrefsController.h */,
				8C79E2B30FFCF0FF00A4648B /* PrefsController.m */,
				8C79F30910033EF200A4648B /* SPGrowlController.h */,
				8C79F30A10033EF200A4648B /* SPGrowlController.m */,
				8CC3297F100DEE3E00483939 /* Network Assistant */,
			);
			name = Classes;
			sourceTree = "<group>";
		};
		2A37F4AFFDCFA73011CA2CEA /* Other Sources */ = {
			isa = PBXGroup;
			children = (
				32DBCF750370BD2300C91783 /* recon_Prefix.pch */,
				2A37F4B0FDCFA73011CA2CEA /* main.m */,
			);
			name = "Other Sources";
			sourceTree = "<group>";
		};
		2A37F4B8FDCFA73011CA2CEA /* Resources */ = {
			isa = PBXGroup;
			children = (
				8C79F4C41003E3BA00A4648B /* MainMenu.xib */,
				8C79F7891004908600A4648B /* MyDocument.xib */,
				8CC32EC6100FC57700483939 /* nmap-icon.icns */,
				8CC32EAD100FBBA600483939 /* nmap-icon-button.png */,
				8C79F67E1004235900A4648B /* button_pane_show_icon.tif */,
				8C79F67F1004235900A4648B /* button_pane_hide_icon.tif */,
				8C79F4C31003E3BA00A4648B /* Info.plist */,
				089C165FFE840EACC02AAC07 /* InfoPlist.strings */,
				8C79F4C51003E3BA00A4648B /* Growl Registration Ticket.growlRegDict */,
				2A37F4B9FDCFA73011CA2CEA /* Credits.rtf */,
			);
			name = Resources;
			sourceTree = "<group>";
		};
		2A37F4C3FDCFA73011CA2CEA /* Frameworks */ = {
			isa = PBXGroup;
			children = (
				1058C7A6FEA54F5311CA2CBB /* Linked Frameworks */,
				1058C7A8FEA54F5311CA2CBB /* Other Frameworks */,
			);
			name = Frameworks;
			sourceTree = "<group>";
		};
		8C79E4D50FFE9FA500A4648B /* Managed Objects */ = {
			isa = PBXGroup;
			children = (
				8C2A17B3100B2A6E0060D931 /* Host.h */,
				8C2A17B4100B2A6E0060D931 /* Host.m */,
				8CAA122F100A078B0084C6D5 /* Profile.h */,
				8CAA1230100A078B0084C6D5 /* Profile.m */,
				8C79E883100117BF00A4648B /* Port.h */,
				8C79E884100117BF00A4648B /* Port.m */,
				8C79E885100117BF00A4648B /* Session.h */,
				8C79E886100117BF00A4648B /* Session.m */,
				8C2A17A5100B29D10060D931 /* OperatingSystem.h */,
				8C2A17A6100B29D10060D931 /* OperatingSystem.m */,
			);
			name = "Managed Objects";
			sourceTree = "<group>";
		};
		8CC3297F100DEE3E00483939 /* Network Assistant */ = {
			isa = PBXGroup;
			children = (
				8CC329CF100DF9D700483939 /* ClientController.h */,
				8CC329D0100DF9D700483939 /* ClientController.m */,
				8CC32792100CDFE400483939 /* Connection.h */,
				8CC32793100CDFE400483939 /* Connection.m */,
				8CC3278D100CDCF000483939 /* NetstatController.h */,
				8CC3278E100CDCF000483939 /* NetstatController.m */,
			);
			name = "Network Assistant";
			sourceTree = "<group>";
		};
		E1B74B1A0667B4A90069E3BA /* Models */ = {
			isa = PBXGroup;
			children = (
				775BDEF0067A8BF0009058FE /* MyDocument.xcdatamodel */,
			);
			name = Models;
			sourceTree = "<group>";
		};
/* End PBXGroup section */

/* Begin PBXNativeTarget section */
		8D15AC270486D014006FF6A4 /* Recon */ = {
			isa = PBXNativeTarget;
			buildConfigurationList = 26FC0AA50875C8B900E6366F /* Build configuration list for PBXNativeTarget "Recon" */;
			buildPhases = (
				8D15AC2B0486D014006FF6A4 /* Resources */,
				8D15AC300486D014006FF6A4 /* Sources */,
				8D15AC330486D014006FF6A4 /* Frameworks */,
				8C79F2F510033E1B00A4648B /* CopyFiles */,
				8C4163841010D5E00066A4F8 /* CopyFiles */,
			);
			buildRules = (
			);
			dependencies = (
			);
			name = Recon;
			productInstallPath = "$(HOME)/Applications";
			productName = "nmapX-coredata";
			productReference = 8D15AC370486D014006FF6A4 /* Recon.app */;
			productType = "com.apple.product-type.application";
		};
/* End PBXNativeTarget section */

/* Begin PBXProject section */
		2A37F4A9FDCFA73011CA2CEA /* Project object */ = {
			isa = PBXProject;
			buildConfigurationList = 26FC0AA90875C8B900E6366F /* Build configuration list for PBXProject "recon" */;
			compatibilityVersion = "Xcode 3.1";
			hasScannedForEncodings = 1;
			mainGroup = 2A37F4AAFDCFA73011CA2CEA /* nmapX-coredata */;
			projectDirPath = "";
			projectRoot = "";
			targets = (
				8D15AC270486D014006FF6A4 /* Recon */,
			);
		};
/* End PBXProject section */

/* Begin PBXResourcesBuildPhase section */
		8D15AC2B0486D014006FF6A4 /* Resources */ = {
			isa = PBXResourcesBuildPhase;
			buildActionMask = 2147483647;
			files = (
				8D15AC2C0486D014006FF6A4 /* Credits.rtf in Resources */,
				8D15AC2F0486D014006FF6A4 /* InfoPlist.strings in Resources */,
				8C79F4C81003E3BA00A4648B /* MainMenu.xib in Resources */,
				8C79F4C91003E3BA00A4648B /* Growl Registration Ticket.growlRegDict in Resources */,
				8C79F6801004235900A4648B /* button_pane_show_icon.tif in Resources */,
				8C79F6811004235900A4648B /* button_pane_hide_icon.tif in Resources */,
				8C79F78A1004908600A4648B /* MyDocument.xib in Resources */,
				8CC32EAE100FBBA600483939 /* nmap-icon-button.png in Resources */,
				8CC32EC7100FC57700483939 /* nmap-icon.icns in Resources */,
			);
			runOnlyForDeploymentPostprocessing = 0;
		};
/* End PBXResourcesBuildPhase section */

/* Begin PBXSourcesBuildPhase section */
		8D15AC300486D014006FF6A4 /* Sources */ = {
			isa = PBXSourcesBuildPhase;
			buildActionMask = 2147483647;
			files = (
				8D15AC310486D014006FF6A4 /* MyDocument.m in Sources */,
				8D15AC320486D014006FF6A4 /* main.m in Sources */,
				775BDEF1067A8BF0009058FE /* MyDocument.xcdatamodel in Sources */,
				8C79E1960FFBC09600A4648B /* XMLController.m in Sources */,
				8C79E1970FFBC09600A4648B /* ArgumentListGenerator.m in Sources */,
				8C79E2300FFC23D800A4648B /* SessionController.m in Sources */,
				8C79E2330FFC23E000A4648B /* NmapController.m in Sources */,
				8C79E2B40FFCF0FF00A4648B /* PrefsController.m in Sources */,
				8C79E889100117BF00A4648B /* Port.m in Sources */,
				8C79E88A100117BF00A4648B /* Session.m in Sources */,
				8C79F30B10033EF200A4648B /* SPGrowlController.m in Sources */,
				8C55E41F100524A5002F5013 /* NSTask+OneLineTasksWithOutput.m in Sources */,
				8C55E43810052E72002F5013 /* SessionManager.m in Sources */,
				8CAA1231100A078B0084C6D5 /* Profile.m in Sources */,
				8C2A17A7100B29D10060D931 /* OperatingSystem.m in Sources */,
				8C2A17B5100B2A6E0060D931 /* Host.m in Sources */,
				8CC3278F100CDCF000483939 /* NetstatController.m in Sources */,
				8CC32794100CDFE400483939 /* Connection.m in Sources */,
				8CC329D1100DF9D700483939 /* ClientController.m in Sources */,
			);
			runOnlyForDeploymentPostprocessing = 0;
		};
/* End PBXSourcesBuildPhase section */

/* Begin PBXVariantGroup section */
		089C165FFE840EACC02AAC07 /* InfoPlist.strings */ = {
			isa = PBXVariantGroup;
			children = (
				089C1660FE840EACC02AAC07 /* English */,
			);
			name = InfoPlist.strings;
			sourceTree = "<group>";
		};
		2A37F4B9FDCFA73011CA2CEA /* Credits.rtf */ = {
			isa = PBXVariantGroup;
			children = (
				2A37F4BAFDCFA73011CA2CEA /* English */,
			);
			name = Credits.rtf;
			sourceTree = "<group>";
		};
/* End PBXVariantGroup section */

/* Begin XCBuildConfiguration section */
		26FC0AA60875C8B900E6366F /* Debug */ = {
			isa = XCBuildConfiguration;
			buildSettings = {
				COPY_PHASE_STRIP = NO;
				FRAMEWORK_SEARCH_PATHS = (
					"$(inherited)",
					"\"$(SRCROOT)/../../../Library/Frameworks\"",
					"\"$(SRCROOT)/Frameworks\"",
					"\"$(SRCROOT)/../../Library/Frameworks\"",
				);
				GCC_DYNAMIC_NO_PIC = NO;
				GCC_ENABLE_FIX_AND_CONTINUE = YES;
				GCC_ENABLE_OBJC_EXCEPTIONS = YES;
				GCC_MODEL_TUNING = G5;
				GCC_OPTIMIZATION_LEVEL = 0;
				GCC_PRECOMPILE_PREFIX_HEADER = YES;
				GCC_PREFIX_HEADER = Source/recon_Prefix.pch;
				INFOPLIST_FILE = Resources/Info.plist;
				INSTALL_PATH = "$(HOME)/Applications";
				PRODUCT_NAME = recon;
				WRAPPER_EXTENSION = app;
			};
			name = Debug;
		};
		26FC0AA70875C8B900E6366F /* Release */ = {
			isa = XCBuildConfiguration;
			buildSettings = {
				DEBUG_INFORMATION_FORMAT = "dwarf-with-dsym";
				FRAMEWORK_SEARCH_PATHS = (
					"$(inherited)",
					"\"$(SRCROOT)/../../../Library/Frameworks\"",
					"\"$(SRCROOT)/Frameworks\"",
					"\"$(SRCROOT)/../../Library/Frameworks\"",
				);
				GCC_ENABLE_OBJC_EXCEPTIONS = YES;
				GCC_MODEL_TUNING = G5;
				GCC_PRECOMPILE_PREFIX_HEADER = YES;
				GCC_PREFIX_HEADER = Source/recon_Prefix.pch;
				INFOPLIST_FILE = Resources/Info.plist;
				INSTALL_PATH = "$(HOME)/Applications";
				PRODUCT_NAME = Recon;
				WRAPPER_EXTENSION = app;
			};
			name = Release;
		};
		26FC0AAA0875C8B900E6366F /* Debug */ = {
			isa = XCBuildConfiguration;
			buildSettings = {
				ARCHS = "$(ARCHS_STANDARD_32_BIT)";
				GCC_C_LANGUAGE_STANDARD = c99;
				GCC_WARN_ABOUT_RETURN_TYPE = YES;
				GCC_WARN_UNUSED_VARIABLE = YES;
				ONLY_ACTIVE_ARCH = YES;
				PREBINDING = NO;
				SDKROOT = macosx10.5;
			};
			name = Debug;
		};
		26FC0AAB0875C8B900E6366F /* Release */ = {
			isa = XCBuildConfiguration;
			buildSettings = {
				ARCHS = "$(ARCHS_STANDARD_32_BIT)";
				GCC_C_LANGUAGE_STANDARD = c99;
				GCC_WARN_ABOUT_RETURN_TYPE = YES;
				GCC_WARN_UNUSED_VARIABLE = YES;
				PREBINDING = NO;
				SDKROOT = macosx10.5;
			};
			name = Release;
		};
/* End XCBuildConfiguration section */

/* Begin XCConfigurationList section */
		26FC0AA50875C8B900E6366F /* Build configuration list for PBXNativeTarget "Recon" */ = {
			isa = XCConfigurationList;
			buildConfigurations = (
				26FC0AA60875C8B900E6366F /* Debug */,
				26FC0AA70875C8B900E6366F /* Release */,
			);
			defaultConfigurationIsVisible = 0;
			defaultConfigurationName = Release;
		};
		26FC0AA90875C8B900E6366F /* Build configuration list for PBXProject "recon" */ = {
			isa = XCConfigurationList;
			buildConfigurations = (
				26FC0AAA0875C8B900E6366F /* Debug */,
				26FC0AAB0875C8B900E6366F /* Release */,
			);
			defaultConfigurationIsVisible = 0;
			defaultConfigurationName = Release;
		};
/* End XCConfigurationList section */
	};
	rootObject = 2A37F4A9FDCFA73011CA2CEA /* Project object */;
}
